<?xml version="1.0" encoding="utf-8"?>
<Project ToolsVersion="4.0" xmlns="http://schemas.microsoft.com/developer/msbuild/2003">
  <ItemGroup>
    <Filter Include="Source Files">
      <UniqueIdentifier>{4FC737F1-C7A5-4376-A066-2A32D752A2FF}</UniqueIdentifier>
      <Extensions>cpp;c;cc;cxx;def;odl;idl;hpj;bat;asm;asmx</Extensions>
    </Filter>
    <Filter Include="Header Files">
      <UniqueIdentifier>{93995380-89BD-4b04-88EB-625FBE52EBFB}</UniqueIdentifier>
      <Extensions>h;hpp;hxx;hm;inl;inc;xsd</Extensions>
    </Filter>
    <Filter Include="Resource Files">
      <UniqueIdentifier>{67DA6AB6-F800-4c08-8B7A-83BB121AAD01}</UniqueIdentifier>
      <Extensions>rc;ico;cur;bmp;dlg;rc2;rct;bin;rgs;gif;jpg;jpeg;jpe;resx;tiff;tif;png;wav;mfcribbon-ms</Extensions>
    </Filter>
  </ItemGroup>
  <ItemGroup>
    <ClCompile Include="Converter\Importer.cpp">
      <Filter>Source Files</Filter>
    </ClCompile>
    <ClCompile Include="Converter\main.cpp">
      <Filter>Source Files</Filter>
    </ClCompile>
    <ClCompile Include="Converter\AnimSet.cpp">
      <Filter>Source Files</Filter>
    </ClCompile>
    <ClCompile Include="Converter\Skeleton.cpp">
      <Filter>Source Files</Filter>
    </ClCompile>
    <ClCompile Include="illEngine\FileSystem-Stdio\StdioFile.cpp">
      <Filter>Source Files</Filter>
    </ClCompile>
    <ClCompile Include="illEngine\FileSystem-Stdio\StdioFileSystem.cpp">
      <Filter>Source Files</Filter>
    </ClCompile>
    <ClCompile Include="illEngine\Logging\serial\SerialLogger.cpp">
      <Filter>Source Files</Filter>
    </ClCompile>
    <ClCompile Include="illEngine\Logging\StdioLogger.cpp">
      <Filter>Source Files</Filter>
    </ClCompile>
    <ClCompile Include="illEngine\Util\util.cpp">
      <Filter>Source Files</Filter>
    </ClCompile>
    <ClCompile Include="Converter\Animation.cpp">
      <Filter>Source Files</Filter>
    </ClCompile>
    <ClCompile Include="Converter\Mesh.cpp">
      <Filter>Source Files</Filter>
    </ClCompile>
    <ClCompile Include="Converter\asciiDump.cpp">
      <Filter>Source Files</Filter>
    </ClCompile>
    <ClCompile Include="Converter\MeshMerger.cpp">
      <Filter>Source Files</Filter>
    </ClCompile>
  </ItemGroup>
  <ItemGroup>
    <ClInclude Include="Converter\Importer.h">
      <Filter>Header Files</Filter>
    </ClInclude>
    <ClInclude Include="Converter\Mesh.h">
      <Filter>Header Files</Filter>
    </ClInclude>
    <ClInclude Include="Converter\Skeleton.h">
      <Filter>Header Files</Filter>
    </ClInclude>
    <ClInclude Include="Converter\Animation.h">
      <Filter>Header Files</Filter>
    </ClInclude>
    <ClInclude Include="Converter\AnimSet.h">
      <Filter>Header Files</Filter>
    </ClInclude>
    <ClInclude Include="illEngine\FileSystem\File.h">
      <Filter>Header Files</Filter>
    </ClInclude>
    <ClInclude Include="illEngine\FileSystem\FileSystem.h">
      <Filter>Header Files</Filter>
    </ClInclude>
    <ClInclude Include="illEngine\FileSystem-Stdio\StdioFile.h">
      <Filter>Header Files</Filter>
    </ClInclude>
    <ClInclude Include="illEngine\FileSystem-Stdio\StdioFileSystem.h">
      <Filter>Header Files</Filter>
    </ClInclude>
    <ClInclude Include="illEngine\Logging\serial\SerialLogger.h">
      <Filter>Header Files</Filter>
    </ClInclude>
    <ClInclude Include="illEngine\Logging\LogDestination.h">
      <Filter>Header Files</Filter>
    </ClInclude>
    <ClInclude Include="illEngine\Logging\Logger.h">
      <Filter>Header Files</Filter>
    </ClInclude>
    <ClInclude Include="illEngine\Logging\logging.h">
      <Filter>Header Files</Filter>
    </ClInclude>
    <ClInclude Include="illEngine\Logging\StdioLogger.h">
      <Filter>Header Files</Filter>
    </ClInclude>
    <ClInclude Include="illEngine\Util\Geometry\BoundingVolume.h">
      <Filter>Header Files</Filter>
    </ClInclude>
    <ClInclude Include="illEngine\Util\Geometry\Box.h">
      <Filter>Header Files</Filter>
    </ClInclude>
    <ClInclude Include="illEngine\Util\Geometry\BoxIterator.h">
      <Filter>Header Files</Filter>
    </ClInclude>
    <ClInclude Include="illEngine\Util\Geometry\ConvexMeshIterator.h">
      <Filter>Header Files</Filter>
    </ClInclude>
    <ClInclude Include="illEngine\Util\Geometry\ConvexMeshIteratorDebug.h">
      <Filter>Header Files</Filter>
    </ClInclude>
    <ClInclude Include="illEngine\Util\Geometry\Frustum.h">
      <Filter>Header Files</Filter>
    </ClInclude>
    <ClInclude Include="illEngine\Util\Geometry\geomUtil.h">
      <Filter>Header Files</Filter>
    </ClInclude>
    <ClInclude Include="illEngine\Util\Geometry\GridVolume3D.h">
      <Filter>Header Files</Filter>
    </ClInclude>
    <ClInclude Include="illEngine\Util\Geometry\Line.h">
      <Filter>Header Files</Filter>
    </ClInclude>
    <ClInclude Include="illEngine\Util\Geometry\Line2.h">
      <Filter>Header Files</Filter>
    </ClInclude>
    <ClInclude Include="illEngine\Util\Geometry\LineIterator.h">
      <Filter>Header Files</Filter>
    </ClInclude>
    <ClInclude Include="illEngine\Util\Geometry\MeshData.h">
      <Filter>Header Files</Filter>
    </ClInclude>
    <ClInclude Include="illEngine\Util\Geometry\MeshEdgeList.h">
      <Filter>Header Files</Filter>
    </ClInclude>
    <ClInclude Include="illEngine\Util\Geometry\Plane.h">
      <Filter>Header Files</Filter>
    </ClInclude>
    <ClInclude Include="illEngine\Util\Geometry\Ray.h">
      <Filter>Header Files</Filter>
    </ClInclude>
    <ClInclude Include="illEngine\Util\Geometry\Sphere.h">
      <Filter>Header Files</Filter>
    </ClInclude>
    <ClInclude Include="illEngine\Util\Geometry\Transform.h">
      <Filter>Header Files</Filter>
    </ClInclude>
    <ClInclude Include="illEngine\Util\Illmesh\IllmeshLoader.h">
      <Filter>Header Files</Filter>
    </ClInclude>
    <ClInclude Include="illEngine\Util\serial\Array.h">
      <Filter>Header Files</Filter>
    </ClInclude>
    <ClInclude Include="illEngine\Util\serial\LruCache.h">
      <Filter>Header Files</Filter>
    </ClInclude>
    <ClInclude Include="illEngine\Util\serial\Pool.h">
      <Filter>Header Files</Filter>
    </ClInclude>
    <ClInclude Include="illEngine\Util\serial\RefCountPtr.h">
      <Filter>Header Files</Filter>
    </ClInclude>
    <ClInclude Include="illEngine\Util\serial\ResourceBase.h">
      <Filter>Header Files</Filter>
    </ClInclude>
    <ClInclude Include="illEngine\Util\serial\ResourceManager.h">
      <Filter>Header Files</Filter>
    </ClInclude>
    <ClInclude Include="illEngine\Util\serial\StaticList.h">
      <Filter>Header Files</Filter>
    </ClInclude>
    <ClInclude Include="illEngine\Util\serial\UidGenerator.h">
      <Filter>Header Files</Filter>
    </ClInclude>
    <ClInclude Include="illEngine\Util\serial\VectorManager.h">
      <Filter>Header Files</Filter>
    </ClInclude>
    <ClInclude Include="illEngine\Util\CopiedData.h">
      <Filter>Header Files</Filter>
    </ClInclude>
    <ClInclude Include="illEngine\Util\debug.h">
      <Filter>Header Files</Filter>
    </ClInclude>
    <ClInclude Include="illEngine\Util\endian.h">
      <Filter>Header Files</Filter>
    </ClInclude>
    <ClInclude Include="illEngine\Util\util.h">
      <Filter>Header Files</Filter>
    </ClInclude>
    <ClInclude Include="Converter\asciiDump.h">
      <Filter>Header Files</Filter>
    </ClInclude>
    <ClInclude Include="Converter\MeshMerger.h">
      <Filter>Header Files</Filter>
    </ClInclude>
    <ClInclude Include="illEngine\Util\serial\casting.h">
      <Filter>Header Files</Filter>
    </ClInclude>
  </ItemGroup>
</Project>